
Microsoft Visual Studio Solution File, Format Version 12.00
# Visual Studio Version 17
VisualStudioVersion = 17.1.32228.430
MinimumVisualStudioVersion = 10.0.40219.1
Project("{FAE04EC0-301F-11D3-BF4B-00C04F79EFBC}") = "StardewValleyAP", "StardewValleyAP\StardewValleyAP.csproj", "{5934928E-E0EC-4964-B46F-6C17E845A680}"
EndProject
Global
	GlobalSection(SolutionConfigurationPlatforms) = preSolution
		Debug|Any CPU = Debug|Any CPU
		Release|Any CPU = Release|Any CPU
	EndGlobalSection
	GlobalSection(ProjectConfigurationPlatforms) = postSolution
		{5934928E-E0EC-4964-B46F-6C17E845A680}.Debug|Any CPU.ActiveCfg = Debug|Any CPU
		{5934928E-E0EC-4964-B46F-6C17E845A680}.Debug|Any CPU.Build.0 = Debug|Any CPU
		{5934928E-E0EC-4964-B46F-6C17E845A680}.Release|Any CPU.ActiveCfg = Release|Any CPU
		{5934928E-E0EC-4964-B46F-6C17E845A680}.Release|Any CPU.Build.0 = Release|Any CPU
	EndGlobalSection
	GlobalSection(SolutionProperties) = preSolution
		HideSolutionNode = FALSE
	EndGlobalSection
	GlobalSection(ExtensibilityGlobals) = postSolution
		SolutionGuid = {59D66088-7343-4737-BF09-DE9DC08DE212}
	EndGlobalSection
EndGlobal
